PODS:
  - IQKeyboardManager (4.0.0)
  - MSDynamicsDrawerViewController (1.5.1)

DEPENDENCIES:
  - IQKeyboardManager (~> 4.0.0)
  - MSDynamicsDrawerViewController (~> 1.5.1)

SPEC CHECKSUMS:
  IQKeyboardManager: b91928f7927ba55a5829b4dcf4b7a6736ac9fc22
  MSDynamicsDrawerViewController: 2874df90f5e9453dc7d4e32f8038b50615d4baa7

COCOAPODS: 0.39.0
